
Microsoft Visual Studio Solution File, Format Version 12.00
# Visual Studio 2012
Project("{8BC9CEB8-8B4A-11D0-8D11-00A0C91BC942}") = "rapidbiz_project1", "rapidbiz_project1\rapidbiz_project1.vcxproj", "{F5758D90-9439-4797-B7B6-F4162244BB05}"
EndProject
Global
	GlobalSection(SolutionConfigurationPlatforms) = preSolution
		Debug|Win32 = Debug|Win32
		Release|Win32 = Release|Win32
	EndGlobalSection
	GlobalSection(ProjectConfigurationPlatforms) = postSolution
		{F5758D90-9439-4797-B7B6-F4162244BB05}.Debug|Win32.ActiveCfg = Debug|Win32
		{F5758D90-9439-4797-B7B6-F4162244BB05}.Debug|Win32.Build.0 = Debug|Win32
		{F5758D90-9439-4797-B7B6-F4162244BB05}.Release|Win32.ActiveCfg = Release|Win32
		{F5758D90-9439-4797-B7B6-F4162244BB05}.Release|Win32.Build.0 = Release|Win32
	EndGlobalSection
	GlobalSection(SolutionProperties) = preSolution
		HideSolutionNode = FALSE
	EndGlobalSection
EndGlobal
