
Microsoft Visual Studio Solution File, Format Version 12.00
# Visual Studio 2012
Project("{8BC9CEB8-8B4A-11D0-8D11-00A0C91BC942}") = "0_1_sort", "0_1_sort\0_1_sort.vcxproj", "{B1E556DA-CE9B-4FE4-A812-F5C4B51F4459}"
EndProject
Global
	GlobalSection(SolutionConfigurationPlatforms) = preSolution
		Debug|Win32 = Debug|Win32
		Release|Win32 = Release|Win32
	EndGlobalSection
	GlobalSection(ProjectConfigurationPlatforms) = postSolution
		{B1E556DA-CE9B-4FE4-A812-F5C4B51F4459}.Debug|Win32.ActiveCfg = Debug|Win32
		{B1E556DA-CE9B-4FE4-A812-F5C4B51F4459}.Debug|Win32.Build.0 = Debug|Win32
		{B1E556DA-CE9B-4FE4-A812-F5C4B51F4459}.Release|Win32.ActiveCfg = Release|Win32
		{B1E556DA-CE9B-4FE4-A812-F5C4B51F4459}.Release|Win32.Build.0 = Release|Win32
	EndGlobalSection
	GlobalSection(SolutionProperties) = preSolution
		HideSolutionNode = FALSE
	EndGlobalSection
EndGlobal
