
Microsoft Visual Studio Solution File, Format Version 12.00
# Visual Studio 2012
Project("{8BC9CEB8-8B4A-11D0-8D11-00A0C91BC942}") = "CTCI_1.2_reverse_string", "CTCI_1.2_reverse_string\CTCI_1.2_reverse_string.vcxproj", "{E998D0DC-B02E-4743-8AF9-A43FBD712CC0}"
EndProject
Global
	GlobalSection(SolutionConfigurationPlatforms) = preSolution
		Debug|Win32 = Debug|Win32
		Release|Win32 = Release|Win32
	EndGlobalSection
	GlobalSection(ProjectConfigurationPlatforms) = postSolution
		{E998D0DC-B02E-4743-8AF9-A43FBD712CC0}.Debug|Win32.ActiveCfg = Debug|Win32
		{E998D0DC-B02E-4743-8AF9-A43FBD712CC0}.Debug|Win32.Build.0 = Debug|Win32
		{E998D0DC-B02E-4743-8AF9-A43FBD712CC0}.Release|Win32.ActiveCfg = Release|Win32
		{E998D0DC-B02E-4743-8AF9-A43FBD712CC0}.Release|Win32.Build.0 = Release|Win32
	EndGlobalSection
	GlobalSection(SolutionProperties) = preSolution
		HideSolutionNode = FALSE
	EndGlobalSection
EndGlobal
