
Microsoft Visual Studio Solution File, Format Version 12.00
# Visual Studio 2012
Project("{8BC9CEB8-8B4A-11D0-8D11-00A0C91BC942}") = "str3_23", "str3_23\str3_23.vcxproj", "{7AA8CB83-F159-4A0B-9362-F417774DABF7}"
EndProject
Global
	GlobalSection(SolutionConfigurationPlatforms) = preSolution
		Debug|Win32 = Debug|Win32
		Release|Win32 = Release|Win32
	EndGlobalSection
	GlobalSection(ProjectConfigurationPlatforms) = postSolution
		{7AA8CB83-F159-4A0B-9362-F417774DABF7}.Debug|Win32.ActiveCfg = Debug|Win32
		{7AA8CB83-F159-4A0B-9362-F417774DABF7}.Debug|Win32.Build.0 = Debug|Win32
		{7AA8CB83-F159-4A0B-9362-F417774DABF7}.Release|Win32.ActiveCfg = Release|Win32
		{7AA8CB83-F159-4A0B-9362-F417774DABF7}.Release|Win32.Build.0 = Release|Win32
	EndGlobalSection
	GlobalSection(SolutionProperties) = preSolution
		HideSolutionNode = FALSE
	EndGlobalSection
EndGlobal
