
Microsoft Visual Studio Solution File, Format Version 12.00
# Visual Studio 2012
Project("{8BC9CEB8-8B4A-11D0-8D11-00A0C91BC942}") = "removing_digits", "removing_digits\removing_digits.vcxproj", "{69DF91D3-D65C-4441-9B40-75433AEC26D6}"
EndProject
Global
	GlobalSection(SolutionConfigurationPlatforms) = preSolution
		Debug|Win32 = Debug|Win32
		Release|Win32 = Release|Win32
	EndGlobalSection
	GlobalSection(ProjectConfigurationPlatforms) = postSolution
		{69DF91D3-D65C-4441-9B40-75433AEC26D6}.Debug|Win32.ActiveCfg = Debug|Win32
		{69DF91D3-D65C-4441-9B40-75433AEC26D6}.Debug|Win32.Build.0 = Debug|Win32
		{69DF91D3-D65C-4441-9B40-75433AEC26D6}.Release|Win32.ActiveCfg = Release|Win32
		{69DF91D3-D65C-4441-9B40-75433AEC26D6}.Release|Win32.Build.0 = Release|Win32
	EndGlobalSection
	GlobalSection(SolutionProperties) = preSolution
		HideSolutionNode = FALSE
	EndGlobalSection
EndGlobal
