
Microsoft Visual Studio Solution File, Format Version 12.00
# Visual Studio 2012
Project("{8BC9CEB8-8B4A-11D0-8D11-00A0C91BC942}") = "CTCI_1.1", "CTCI_1.1\CTCI_1.1.vcxproj", "{012FEA6D-9D74-470B-9E79-E2B27DD3EA1F}"
EndProject
Global
	GlobalSection(SolutionConfigurationPlatforms) = preSolution
		Debug|Win32 = Debug|Win32
		Release|Win32 = Release|Win32
	EndGlobalSection
	GlobalSection(ProjectConfigurationPlatforms) = postSolution
		{012FEA6D-9D74-470B-9E79-E2B27DD3EA1F}.Debug|Win32.ActiveCfg = Debug|Win32
		{012FEA6D-9D74-470B-9E79-E2B27DD3EA1F}.Debug|Win32.Build.0 = Debug|Win32
		{012FEA6D-9D74-470B-9E79-E2B27DD3EA1F}.Release|Win32.ActiveCfg = Release|Win32
		{012FEA6D-9D74-470B-9E79-E2B27DD3EA1F}.Release|Win32.Build.0 = Release|Win32
	EndGlobalSection
	GlobalSection(SolutionProperties) = preSolution
		HideSolutionNode = FALSE
	EndGlobalSection
EndGlobal
