
Microsoft Visual Studio Solution File, Format Version 12.00
# Visual Studio 2012
Project("{8BC9CEB8-8B4A-11D0-8D11-00A0C91BC942}") = "removing_spaces", "removing_spaces\removing_spaces.vcxproj", "{781FB17E-43B6-41E2-A244-DB9605FD1694}"
EndProject
Global
	GlobalSection(SolutionConfigurationPlatforms) = preSolution
		Debug|Win32 = Debug|Win32
		Release|Win32 = Release|Win32
	EndGlobalSection
	GlobalSection(ProjectConfigurationPlatforms) = postSolution
		{781FB17E-43B6-41E2-A244-DB9605FD1694}.Debug|Win32.ActiveCfg = Debug|Win32
		{781FB17E-43B6-41E2-A244-DB9605FD1694}.Debug|Win32.Build.0 = Debug|Win32
		{781FB17E-43B6-41E2-A244-DB9605FD1694}.Release|Win32.ActiveCfg = Release|Win32
		{781FB17E-43B6-41E2-A244-DB9605FD1694}.Release|Win32.Build.0 = Release|Win32
	EndGlobalSection
	GlobalSection(SolutionProperties) = preSolution
		HideSolutionNode = FALSE
	EndGlobalSection
EndGlobal
