
Microsoft Visual Studio Solution File, Format Version 12.00
# Visual Studio 2012
Project("{8BC9CEB8-8B4A-11D0-8D11-00A0C91BC942}") = "median_of_arrays", "median_of_arrays\median_of_arrays.vcxproj", "{596367A9-5C58-412F-A6D9-F0E362EAD2BA}"
EndProject
Global
	GlobalSection(SolutionConfigurationPlatforms) = preSolution
		Debug|Win32 = Debug|Win32
		Release|Win32 = Release|Win32
	EndGlobalSection
	GlobalSection(ProjectConfigurationPlatforms) = postSolution
		{596367A9-5C58-412F-A6D9-F0E362EAD2BA}.Debug|Win32.ActiveCfg = Debug|Win32
		{596367A9-5C58-412F-A6D9-F0E362EAD2BA}.Debug|Win32.Build.0 = Debug|Win32
		{596367A9-5C58-412F-A6D9-F0E362EAD2BA}.Release|Win32.ActiveCfg = Release|Win32
		{596367A9-5C58-412F-A6D9-F0E362EAD2BA}.Release|Win32.Build.0 = Release|Win32
	EndGlobalSection
	GlobalSection(SolutionProperties) = preSolution
		HideSolutionNode = FALSE
	EndGlobalSection
EndGlobal
