
Microsoft Visual Studio Solution File, Format Version 12.00
# Visual Studio 2012
Project("{8BC9CEB8-8B4A-11D0-8D11-00A0C91BC942}") = "binary_to_decimal", "binary_to_decimal\binary_to_decimal.vcxproj", "{BB1C2BC8-C48A-4EE1-BEE8-18305D0FC764}"
EndProject
Global
	GlobalSection(SolutionConfigurationPlatforms) = preSolution
		Debug|Win32 = Debug|Win32
		Release|Win32 = Release|Win32
	EndGlobalSection
	GlobalSection(ProjectConfigurationPlatforms) = postSolution
		{BB1C2BC8-C48A-4EE1-BEE8-18305D0FC764}.Debug|Win32.ActiveCfg = Debug|Win32
		{BB1C2BC8-C48A-4EE1-BEE8-18305D0FC764}.Debug|Win32.Build.0 = Debug|Win32
		{BB1C2BC8-C48A-4EE1-BEE8-18305D0FC764}.Release|Win32.ActiveCfg = Release|Win32
		{BB1C2BC8-C48A-4EE1-BEE8-18305D0FC764}.Release|Win32.Build.0 = Release|Win32
	EndGlobalSection
	GlobalSection(SolutionProperties) = preSolution
		HideSolutionNode = FALSE
	EndGlobalSection
EndGlobal
