
Microsoft Visual Studio Solution File, Format Version 12.00
# Visual Studio 2012
Project("{8BC9CEB8-8B4A-11D0-8D11-00A0C91BC942}") = "removing_duplicates_in_string_q5", "removing_duplicates_in_string_q5\removing_duplicates_in_string_q5.vcxproj", "{F22C3634-EBD1-43E5-B3A0-B24BA2A27F6A}"
EndProject
Global
	GlobalSection(SolutionConfigurationPlatforms) = preSolution
		Debug|Win32 = Debug|Win32
		Release|Win32 = Release|Win32
	EndGlobalSection
	GlobalSection(ProjectConfigurationPlatforms) = postSolution
		{F22C3634-EBD1-43E5-B3A0-B24BA2A27F6A}.Debug|Win32.ActiveCfg = Debug|Win32
		{F22C3634-EBD1-43E5-B3A0-B24BA2A27F6A}.Debug|Win32.Build.0 = Debug|Win32
		{F22C3634-EBD1-43E5-B3A0-B24BA2A27F6A}.Release|Win32.ActiveCfg = Release|Win32
		{F22C3634-EBD1-43E5-B3A0-B24BA2A27F6A}.Release|Win32.Build.0 = Release|Win32
	EndGlobalSection
	GlobalSection(SolutionProperties) = preSolution
		HideSolutionNode = FALSE
	EndGlobalSection
EndGlobal
